
Microsoft Visual Studio Solution File, Format Version 12.00
# Visual Studio Version 17
VisualStudioVersion = 17.5.002.0
MinimumVisualStudioVersion = 10.0.40219.1
Project("{2150E333-8FDC-42A3-9474-1A3956D46DE8}") = "User", "User", "{7A108771-63F3-4C07-A76A-5F495FFDC9DA}"
EndProject
Project("{2150E333-8FDC-42A3-9474-1A3956D46DE8}") = "src", "src", "{71509AEF-9D63-4703-9C19-3BB049DAAAAB}"
EndProject
Project("{9A19103F-16F7-4668-BE54-9A1E7A4F7556}") = "User.Service", "User\src\User.Service\User.Service.csproj", "{7DCE0E96-8855-497C-B5E4-3BD0EA6E44FF}"
EndProject
Global
	GlobalSection(SolutionConfigurationPlatforms) = preSolution
		Debug|Any CPU = Debug|Any CPU
		Release|Any CPU = Release|Any CPU
	EndGlobalSection
	GlobalSection(ProjectConfigurationPlatforms) = postSolution
		{7DCE0E96-8855-497C-B5E4-3BD0EA6E44FF}.Debug|Any CPU.ActiveCfg = Debug|Any CPU
		{7DCE0E96-8855-497C-B5E4-3BD0EA6E44FF}.Debug|Any CPU.Build.0 = Debug|Any CPU
		{7DCE0E96-8855-497C-B5E4-3BD0EA6E44FF}.Release|Any CPU.ActiveCfg = Release|Any CPU
		{7DCE0E96-8855-497C-B5E4-3BD0EA6E44FF}.Release|Any CPU.Build.0 = Release|Any CPU
	EndGlobalSection
	GlobalSection(SolutionProperties) = preSolution
		HideSolutionNode = FALSE
	EndGlobalSection
	GlobalSection(NestedProjects) = preSolution
		{71509AEF-9D63-4703-9C19-3BB049DAAAAB} = {7A108771-63F3-4C07-A76A-5F495FFDC9DA}
		{7DCE0E96-8855-497C-B5E4-3BD0EA6E44FF} = {71509AEF-9D63-4703-9C19-3BB049DAAAAB}
	EndGlobalSection
	GlobalSection(ExtensibilityGlobals) = postSolution
		SolutionGuid = {153AE6A4-1809-42C9-B52A-FF3627EE6BA7}
	EndGlobalSection
EndGlobal
